
Microsoft Visual Studio Solution File, Format Version 12.00
# Visual Studio 15
VisualStudioVersion = 15.0.27703.2018
MinimumVisualStudioVersion = 10.0.40219.1
Project("{FAE04EC0-301F-11D3-BF4B-00C04F79EFBC}") = "GroupTwoWeek1", "GroupTwoWeek1\GroupTwoWeek1.csproj", "{266AAA5E-C897-49DE-A743-868D96AA4B9D}"
EndProject
Project("{FAE04EC0-301F-11D3-BF4B-00C04F79EFBC}") = "Task1", "Task1\Task1.csproj", "{A0C8A9FB-25BD-409F-A3FB-A30D4865BEF1}"
EndProject
Project("{FAE04EC0-301F-11D3-BF4B-00C04F79EFBC}") = "Task2", "Task2\Task2.csproj", "{6FC4FCB6-C806-49FB-B1CB-206A7EBF63B2}"
EndProject
Project("{FAE04EC0-301F-11D3-BF4B-00C04F79EFBC}") = "Task3", "Task3\Task3.csproj", "{AA10F013-FBAA-4A05-B0AF-CEEED6680CCF}"
EndProject
Project("{FAE04EC0-301F-11D3-BF4B-00C04F79EFBC}") = "Task4", "Task4\Task4.csproj", "{BF692AB5-9BD5-495C-8313-5C73AC57C747}"
EndProject
Project("{FAE04EC0-301F-11D3-BF4B-00C04F79EFBC}") = "Task5", "Task5\Task5.csproj", "{D8F28CEE-8709-48E5-9D9A-F3141BEDB112}"
EndProject
Project("{FAE04EC0-301F-11D3-BF4B-00C04F79EFBC}") = "Task6", "Task6\Task6.csproj", "{5C9CE042-E6F9-42B5-B0DB-8B4EAAE21C57}"
EndProject
Global
	GlobalSection(SolutionConfigurationPlatforms) = preSolution
		Debug|Any CPU = Debug|Any CPU
		Release|Any CPU = Release|Any CPU
	EndGlobalSection
	GlobalSection(ProjectConfigurationPlatforms) = postSolution
		{266AAA5E-C897-49DE-A743-868D96AA4B9D}.Debug|Any CPU.ActiveCfg = Debug|Any CPU
		{266AAA5E-C897-49DE-A743-868D96AA4B9D}.Debug|Any CPU.Build.0 = Debug|Any CPU
		{266AAA5E-C897-49DE-A743-868D96AA4B9D}.Release|Any CPU.ActiveCfg = Release|Any CPU
		{266AAA5E-C897-49DE-A743-868D96AA4B9D}.Release|Any CPU.Build.0 = Release|Any CPU
		{A0C8A9FB-25BD-409F-A3FB-A30D4865BEF1}.Debug|Any CPU.ActiveCfg = Debug|Any CPU
		{A0C8A9FB-25BD-409F-A3FB-A30D4865BEF1}.Debug|Any CPU.Build.0 = Debug|Any CPU
		{A0C8A9FB-25BD-409F-A3FB-A30D4865BEF1}.Release|Any CPU.ActiveCfg = Release|Any CPU
		{A0C8A9FB-25BD-409F-A3FB-A30D4865BEF1}.Release|Any CPU.Build.0 = Release|Any CPU
		{6FC4FCB6-C806-49FB-B1CB-206A7EBF63B2}.Debug|Any CPU.ActiveCfg = Debug|Any CPU
		{6FC4FCB6-C806-49FB-B1CB-206A7EBF63B2}.Debug|Any CPU.Build.0 = Debug|Any CPU
		{6FC4FCB6-C806-49FB-B1CB-206A7EBF63B2}.Release|Any CPU.ActiveCfg = Release|Any CPU
		{6FC4FCB6-C806-49FB-B1CB-206A7EBF63B2}.Release|Any CPU.Build.0 = Release|Any CPU
		{AA10F013-FBAA-4A05-B0AF-CEEED6680CCF}.Debug|Any CPU.ActiveCfg = Debug|Any CPU
		{AA10F013-FBAA-4A05-B0AF-CEEED6680CCF}.Debug|Any CPU.Build.0 = Debug|Any CPU
		{AA10F013-FBAA-4A05-B0AF-CEEED6680CCF}.Release|Any CPU.ActiveCfg = Release|Any CPU
		{AA10F013-FBAA-4A05-B0AF-CEEED6680CCF}.Release|Any CPU.Build.0 = Release|Any CPU
		{BF692AB5-9BD5-495C-8313-5C73AC57C747}.Debug|Any CPU.ActiveCfg = Debug|Any CPU
		{BF692AB5-9BD5-495C-8313-5C73AC57C747}.Debug|Any CPU.Build.0 = Debug|Any CPU
		{BF692AB5-9BD5-495C-8313-5C73AC57C747}.Release|Any CPU.ActiveCfg = Release|Any CPU
		{BF692AB5-9BD5-495C-8313-5C73AC57C747}.Release|Any CPU.Build.0 = Release|Any CPU
		{D8F28CEE-8709-48E5-9D9A-F3141BEDB112}.Debug|Any CPU.ActiveCfg = Debug|Any CPU
		{D8F28CEE-8709-48E5-9D9A-F3141BEDB112}.Debug|Any CPU.Build.0 = Debug|Any CPU
		{D8F28CEE-8709-48E5-9D9A-F3141BEDB112}.Release|Any CPU.ActiveCfg = Release|Any CPU
		{D8F28CEE-8709-48E5-9D9A-F3141BEDB112}.Release|Any CPU.Build.0 = Release|Any CPU
		{5C9CE042-E6F9-42B5-B0DB-8B4EAAE21C57}.Debug|Any CPU.ActiveCfg = Debug|Any CPU
		{5C9CE042-E6F9-42B5-B0DB-8B4EAAE21C57}.Debug|Any CPU.Build.0 = Debug|Any CPU
		{5C9CE042-E6F9-42B5-B0DB-8B4EAAE21C57}.Release|Any CPU.ActiveCfg = Release|Any CPU
		{5C9CE042-E6F9-42B5-B0DB-8B4EAAE21C57}.Release|Any CPU.Build.0 = Release|Any CPU
	EndGlobalSection
	GlobalSection(SolutionProperties) = preSolution
		HideSolutionNode = FALSE
	EndGlobalSection
	GlobalSection(ExtensibilityGlobals) = postSolution
		SolutionGuid = {693DD219-21C8-4761-A631-68D41A0C59EB}
	EndGlobalSection
EndGlobal
